// !$*UTF8*$!
{
	archiveVersion = 1;
	classes = {
	};
	objectVersion = 46;
	objects = {

/* Begin PBXBuildFile section */
		1B4706D81A2853E3006FDEFF /* main.m in Sources */ = {isa = PBXBuildFile; fileRef = 1B4706D71A2853E3006FDEFF /* main.m */; };
		1B4706DB1A2853E3006FDEFF /* AppDelegate.m in Sources */ = {isa = PBXBuildFile; fileRef = 1B4706DA1A2853E3006FDEFF /* AppDelegate.m */; };
		1B4706DE1A2853E3006FDEFF /* ViewController.m in Sources */ = {isa = PBXBuildFile; fileRef = 1B4706DD1A2853E3006FDEFF /* ViewController.m */; };
		1B4706E11A2853E3006FDEFF /* Main.storyboard in Resources */ = {isa = PBXBuildFile; fileRef = 1B4706DF1A2853E3006FDEFF /* Main.storyboard */; };
		1B4706E31A2853E3006FDEFF /* Images.xcassets in Resources */ = {isa = PBXBuildFile; fileRef = 1B4706E21A2853E3006FDEFF /* Images.xcassets */; };
		1B4706E61A2853E3006FDEFF /* LaunchScreen.xib in Resources */ = {isa = PBXBuildFile; fileRef = 1B4706E41A2853E3006FDEFF /* LaunchScreen.xib */; };
		1B4706F21A2853E3006FDEFF /* CreatePListByCSVTests.m in Sources */ = {isa = PBXBuildFile; fileRef = 1B4706F11A2853E3006FDEFF /* CreatePListByCSVTests.m */; };
		1B4706FC1A28560B006FDEFF /* read.csv in Resources */ = {isa = PBXBuildFile; fileRef = 1B4706FB1A28560B006FDEFF /* read.csv */; };
		1B4706FE1A2879A3006FDEFF /* created.plist in Resources */ = {isa = PBXBuildFile; fileRef = 1B4706FD1A2879A3006FDEFF /* created.plist */; };
/* End PBXBuildFile section */

/* Begin PBXContainerItemProxy section */
		1B4706EC1A2853E3006FDEFF /* PBXContainerItemProxy */ = {
			isa = PBXContainerItemProxy;
			containerPortal = 1B4706CA1A2853E3006FDEFF /* Project object */;
			proxyType = 1;
			remoteGlobalIDString = 1B4706D11A2853E3006FDEFF;
			remoteInfo = CreatePListByCSV;
		};
/* End PBXContainerItemProxy section */

/* Begin PBXFileReference section */
		1B4706D21A2853E3006FDEFF /* CreatePListByCSV.app */ = {isa = PBXFileReference; explicitFileType = wrapper.application; includeInIndex = 0; path = CreatePListByCSV.app; sourceTree = BUILT_PRODUCTS_DIR; };
		1B4706D61A2853E3006FDEFF /* Info.plist */ = {isa = PBXFileReference; lastKnownFileType = text.plist.xml; path = Info.plist; sourceTree = "<group>"; };
		1B4706D71A2853E3006FDEFF /* main.m */ = {isa = PBXFileReference; lastKnownFileType = sourcecode.c.objc; path = main.m; sourceTree = "<group>"; };
		1B4706D91A2853E3006FDEFF /* AppDelegate.h */ = {isa = PBXFileReference; lastKnownFileType = sourcecode.c.h; path = AppDelegate.h; sourceTree = "<group>"; };
		1B4706DA1A2853E3006FDEFF /* AppDelegate.m */ = {isa = PBXFileReference; lastKnownFileType = sourcecode.c.objc; path = AppDelegate.m; sourceTree = "<group>"; };
		1B4706DC1A2853E3006FDEFF /* ViewController.h */ = {isa = PBXFileReference; lastKnownFileType = sourcecode.c.h; path = ViewController.h; sourceTree = "<group>"; };
		1B4706DD1A2853E3006FDEFF /* ViewController.m */ = {isa = PBXFileReference; lastKnownFileType = sourcecode.c.objc; path = ViewController.m; sourceTree = "<group>"; };
		1B4706E01A2853E3006FDEFF /* Base */ = {isa = PBXFileReference; lastKnownFileType = file.storyboard; name = Base; path = Base.lproj/Main.storyboard; sourceTree = "<group>"; };
		1B4706E21A2853E3006FDEFF /* Images.xcassets */ = {isa = PBXFileReference; lastKnownFileType = folder.assetcatalog; path = Images.xcassets; sourceTree = "<group>"; };
		1B4706E51A2853E3006FDEFF /* Base */ = {isa = PBXFileReference; lastKnownFileType = file.xib; name = Base; path = Base.lproj/LaunchScreen.xib; sourceTree = "<group>"; };
		1B4706EB1A2853E3006FDEFF /* CreatePListByCSVTests.xctest */ = {isa = PBXFileReference; explicitFileType = wrapper.cfbundle; includeInIndex = 0; path = CreatePListByCSVTests.xctest; sourceTree = BUILT_PRODUCTS_DIR; };
		1B4706F01A2853E3006FDEFF /* Info.plist */ = {isa = PBXFileReference; lastKnownFileType = text.plist.xml; path = Info.plist; sourceTree = "<group>"; };
		1B4706F11A2853E3006FDEFF /* CreatePListByCSVTests.m */ = {isa = PBXFileReference; lastKnownFileType = sourcecode.c.objc; path = CreatePListByCSVTests.m; sourceTree = "<group>"; };
		1B4706FB1A28560B006FDEFF /* read.csv */ = {isa = PBXFileReference; fileEncoding = 4; lastKnownFileType = text; path = read.csv; sourceTree = "<group>"; };
		1B4706FD1A2879A3006FDEFF /* created.plist */ = {isa = PBXFileReference; fileEncoding = 4; lastKnownFileType = text.plist.xml; path = created.plist; sourceTree = "<group>"; };
/* End PBXFileReference section */

/* Begin PBXFrameworksBuildPhase section */
		1B4706CF1A2853E3006FDEFF /* Frameworks */ = {
			isa = PBXFrameworksBuildPhase;
			buildActionMask = 2147483647;
			files = (
			);
			runOnlyForDeploymentPostprocessing = 0;
		};
		1B4706E81A2853E3006FDEFF /* Frameworks */ = {
			isa = PBXFrameworksBuildPhase;
			buildActionMask = 2147483647;
			files = (
			);
			runOnlyForDeploymentPostprocessing = 0;
		};
/* End PBXFrameworksBuildPhase section */

/* Begin PBXGroup section */
		1B4706C91A2853E3006FDEFF = {
			isa = PBXGroup;
			children = (
				1B4706D41A2853E3006FDEFF /* CreatePListByCSV */,
				1B4706EE1A2853E3006FDEFF /* CreatePListByCSVTests */,
				1B4706D31A2853E3006FDEFF /* Products */,
			);
			sourceTree = "<group>";
		};
		1B4706D31A2853E3006FDEFF /* Products */ = {
			isa = PBXGroup;
			children = (
				1B4706D21A2853E3006FDEFF /* CreatePListByCSV.app */,
				1B4706EB1A2853E3006FDEFF /* CreatePListByCSVTests.xctest */,
			);
			name = Products;
			sourceTree = "<group>";
		};
		1B4706D41A2853E3006FDEFF /* CreatePListByCSV */ = {
			isa = PBXGroup;
			children = (
				1B4706D91A2853E3006FDEFF /* AppDelegate.h */,
				1B4706DA1A2853E3006FDEFF /* AppDelegate.m */,
				1B4706DC1A2853E3006FDEFF /* ViewController.h */,
				1B4706DD1A2853E3006FDEFF /* ViewController.m */,
				1B4706DF1A2853E3006FDEFF /* Main.storyboard */,
				1B4706E21A2853E3006FDEFF /* Images.xcassets */,
				1B4706E41A2853E3006FDEFF /* LaunchScreen.xib */,
				1B4706D51A2853E3006FDEFF /* Supporting Files */,
			);
			path = CreatePListByCSV;
			sourceTree = "<group>";
		};
		1B4706D51A2853E3006FDEFF /* Supporting Files */ = {
			isa = PBXGroup;
			children = (
				1B4706FB1A28560B006FDEFF /* read.csv */,
				1B4706D61A2853E3006FDEFF /* Info.plist */,
				1B4706D71A2853E3006FDEFF /* main.m */,
				1B4706FD1A2879A3006FDEFF /* created.plist */,
			);
			name = "Supporting Files";
			sourceTree = "<group>";
		};
		1B4706EE1A2853E3006FDEFF /* CreatePListByCSVTests */ = {
			isa = PBXGroup;
			children = (
				1B4706F11A2853E3006FDEFF /* CreatePListByCSVTests.m */,
				1B4706EF1A2853E3006FDEFF /* Supporting Files */,
			);
			path = CreatePListByCSVTests;
			sourceTree = "<group>";
		};
		1B4706EF1A2853E3006FDEFF /* Supporting Files */ = {
			isa = PBXGroup;
			children = (
				1B4706F01A2853E3006FDEFF /* Info.plist */,
			);
			name = "Supporting Files";
			sourceTree = "<group>";
		};
/* End PBXGroup section */

/* Begin PBXNativeTarget section */
		1B4706D11A2853E3006FDEFF /* CreatePListByCSV */ = {
			isa = PBXNativeTarget;
			buildConfigurationList = 1B4706F51A2853E4006FDEFF /* Build configuration list for PBXNativeTarget "CreatePListByCSV" */;
			buildPhases = (
				1B4706CE1A2853E3006FDEFF /* Sources */,
				1B4706CF1A2853E3006FDEFF /* Frameworks */,
				1B4706D01A2853E3006FDEFF /* Resources */,
			);
			buildRules = (
			);
			dependencies = (
			);
			name = CreatePListByCSV;
			productName = CreatePListByCSV;
			productReference = 1B4706D21A2853E3006FDEFF /* CreatePListByCSV.app */;
			productType = "com.apple.product-type.application";
		};
		1B4706EA1A2853E3006FDEFF /* CreatePListByCSVTests */ = {
			isa = PBXNativeTarget;
			buildConfigurationList = 1B4706F81A2853E4006FDEFF /* Build configuration list for PBXNativeTarget "CreatePListByCSVTests" */;
			buildPhases = (
				1B4706E71A2853E3006FDEFF /* Sources */,
				1B4706E81A2853E3006FDEFF /* Frameworks */,
				1B4706E91A2853E3006FDEFF /* Resources */,
			);
			buildRules = (
			);
			dependencies = (
				1B4706ED1A2853E3006FDEFF /* PBXTargetDependency */,
			);
			name = CreatePListByCSVTests;
			productName = CreatePListByCSVTests;
			productReference = 1B4706EB1A2853E3006FDEFF /* CreatePListByCSVTests.xctest */;
			productType = "com.apple.product-type.bundle.unit-test";
		};
/* End PBXNativeTarget section */

/* Begin PBXProject section */
		1B4706CA1A2853E3006FDEFF /* Project object */ = {
			isa = PBXProject;
			attributes = {
				LastUpgradeCheck = 0600;
				ORGANIZATIONNAME = "Eriko Ichinohe";
				TargetAttributes = {
					1B4706D11A2853E3006FDEFF = {
						CreatedOnToolsVersion = 6.0.1;
					};
					1B4706EA1A2853E3006FDEFF = {
						CreatedOnToolsVersion = 6.0.1;
						TestTargetID = 1B4706D11A2853E3006FDEFF;
					};
				};
			};
			buildConfigurationList = 1B4706CD1A2853E3006FDEFF /* Build configuration list for PBXProject "CreatePListByCSV" */;
			compatibilityVersion = "Xcode 3.2";
			developmentRegion = English;
			hasScannedForEncodings = 0;
			knownRegions = (
				en,
				Base,
			);
			mainGroup = 1B4706C91A2853E3006FDEFF;
			productRefGroup = 1B4706D31A2853E3006FDEFF /* Products */;
			projectDirPath = "";
			projectRoot = "";
			targets = (
				1B4706D11A2853E3006FDEFF /* CreatePListByCSV */,
				1B4706EA1A2853E3006FDEFF /* CreatePListByCSVTests */,
			);
		};
/* End PBXProject section */

/* Begin PBXResourcesBuildPhase section */
		1B4706D01A2853E3006FDEFF /* Resources */ = {
			isa = PBXResourcesBuildPhase;
			buildActionMask = 2147483647;
			files = (
				1B4706E11A2853E3006FDEFF /* Main.storyboard in Resources */,
				1B4706E61A2853E3006FDEFF /* LaunchScreen.xib in Resources */,
				1B4706FC1A28560B006FDEFF /* read.csv in Resources */,
				1B4706E31A2853E3006FDEFF /* Images.xcassets in Resources */,
				1B4706FE1A2879A3006FDEFF /* created.plist in Resources */,
			);
			runOnlyForDeploymentPostprocessing = 0;
		};
		1B4706E91A2853E3006FDEFF /* Resources */ = {
			isa = PBXResourcesBuildPhase;
			buildActionMask = 2147483647;
			files = (
			);
			runOnlyForDeploymentPostprocessing = 0;
		};
/* End PBXResourcesBuildPhase section */

/* Begin PBXSourcesBuildPhase section */
		1B4706CE1A2853E3006FDEFF /* Sources */ = {
			isa = PBXSourcesBuildPhase;
			buildActionMask = 2147483647;
			files = (
				1B4706DE1A2853E3006FDEFF /* ViewController.m in Sources */,
				1B4706DB1A2853E3006FDEFF /* AppDelegate.m in Sources */,
				1B4706D81A2853E3006FDEFF /* main.m in Sources */,
			);
			runOnlyForDeploymentPostprocessing = 0;
		};
		1B4706E71A2853E3006FDEFF /* Sources */ = {
			isa = PBXSourcesBuildPhase;
			buildActionMask = 2147483647;
			files = (
				1B4706F21A2853E3006FDEFF /* CreatePListByCSVTests.m in Sources */,
			);
			runOnlyForDeploymentPostprocessing = 0;
		};
/* End PBXSourcesBuildPhase section */

/* Begin PBXTargetDependency section */
		1B4706ED1A2853E3006FDEFF /* PBXTargetDependency */ = {
			isa = PBXTargetDependency;
			target = 1B4706D11A2853E3006FDEFF /* CreatePListByCSV */;
			targetProxy = 1B4706EC1A2853E3006FDEFF /* PBXContainerItemProxy */;
		};
/* End PBXTargetDependency section */

/* Begin PBXVariantGroup section */
		1B4706DF1A2853E3006FDEFF /* Main.storyboard */ = {
			isa = PBXVariantGroup;
			children = (
				1B4706E01A2853E3006FDEFF /* Base */,
			);
			name = Main.storyboard;
			sourceTree = "<group>";
		};
		1B4706E41A2853E3006FDEFF /* LaunchScreen.xib */ = {
			isa = PBXVariantGroup;
			children = (
				1B4706E51A2853E3006FDEFF /* Base */,
			);
			name = LaunchScreen.xib;
			sourceTree = "<group>";
		};
/* End PBXVariantGroup section */

/* Begin XCBuildConfiguration section */
		1B4706F31A2853E3006FDEFF /* Debug */ = {
			isa = XCBuildConfiguration;
			buildSettings = {
				ALWAYS_SEARCH_USER_PATHS = NO;
				CLANG_CXX_LANGUAGE_STANDARD = "gnu++0x";
				CLANG_CXX_LIBRARY = "libc++";
				CLANG_ENABLE_MODULES = YES;
				CLANG_ENABLE_OBJC_ARC = YES;
				CLANG_WARN_BOOL_CONVERSION = YES;
				CLANG_WARN_CONSTANT_CONVERSION = YES;
				CLANG_WARN_DIRECT_OBJC_ISA_USAGE = YES_ERROR;
				CLANG_WARN_EMPTY_BODY = YES;
				CLANG_WARN_ENUM_CONVERSION = YES;
				CLANG_WARN_INT_CONVERSION = YES;
				CLANG_WARN_OBJC_ROOT_CLASS = YES_ERROR;
				CLANG_WARN_UNREACHABLE_CODE = YES;
				CLANG_WARN__DUPLICATE_METHOD_MATCH = YES;
				"CODE_SIGN_IDENTITY[sdk=iphoneos*]" = "iPhone Developer";
				COPY_PHASE_STRIP = NO;
				ENABLE_STRICT_OBJC_MSGSEND = YES;
				GCC_C_LANGUAGE_STANDARD = gnu99;
				GCC_DYNAMIC_NO_PIC = NO;
				GCC_OPTIMIZATION_LEVEL = 0;
				GCC_PREPROCESSOR_DEFINITIONS = (
					"DEBUG=1",
					"$(inherited)",
				);
				GCC_SYMBOLS_PRIVATE_EXTERN = NO;
				GCC_WARN_64_TO_32_BIT_CONVERSION = YES;
				GCC_WARN_ABOUT_RETURN_TYPE = YES_ERROR;
				GCC_WARN_UNDECLARED_SELECTOR = YES;
				GCC_WARN_UNINITIALIZED_AUTOS = YES_AGGRESSIVE;
				GCC_WARN_UNUSED_FUNCTION = YES;
				GCC_WARN_UNUSED_VARIABLE = YES;
				IPHONEOS_DEPLOYMENT_TARGET = 8.0;
				MTL_ENABLE_DEBUG_INFO = YES;
				ONLY_ACTIVE_ARCH = YES;
				SDKROOT = iphoneos;
			};
			name = Debug;
		};
		1B4706F41A2853E3006FDEFF /* Release */ = {
			isa = XCBuildConfiguration;
			buildSettings = {
				ALWAYS_SEARCH_USER_PATHS = NO;
				CLANG_CXX_LANGUAGE_STANDARD = "gnu++0x";
				CLANG_CXX_LIBRARY = "libc++";
				CLANG_ENABLE_MODULES = YES;
				CLANG_ENABLE_OBJC_ARC = YES;
				CLANG_WARN_BOOL_CONVERSION = YES;
				CLANG_WARN_CONSTANT_CONVERSION = YES;
				CLANG_WARN_DIRECT_OBJC_ISA_USAGE = YES_ERROR;
				CLANG_WARN_EMPTY_BODY = YES;
				CLANG_WARN_ENUM_CONVERSION = YES;
				CLANG_WARN_INT_CONVERSION = YES;
				CLANG_WARN_OBJC_ROOT_CLASS = YES_ERROR;
				CLANG_WARN_UNREACHABLE_CODE = YES;
				CLANG_WARN__DUPLICATE_METHOD_MATCH = YES;
				"CODE_SIGN_IDENTITY[sdk=iphoneos*]" = "iPhone Developer";
				COPY_PHASE_STRIP = YES;
				ENABLE_NS_ASSERTIONS = NO;
				ENABLE_STRICT_OBJC_MSGSEND = YES;
				GCC_C_LANGUAGE_STANDARD = gnu99;
				GCC_WARN_64_TO_32_BIT_CONVERSION = YES;
				GCC_WARN_ABOUT_RETURN_TYPE = YES_ERROR;
				GCC_WARN_UNDECLARED_SELECTOR = YES;
				GCC_WARN_UNINITIALIZED_AUTOS = YES_AGGRESSIVE;
				GCC_WARN_UNUSED_FUNCTION = YES;
				GCC_WARN_UNUSED_VARIABLE = YES;
				IPHONEOS_DEPLOYMENT_TARGET = 8.0;
				MTL_ENABLE_DEBUG_INFO = NO;
				SDKROOT = iphoneos;
				VALIDATE_PRODUCT = YES;
			};
			name = Release;
		};
		1B4706F61A2853E4006FDEFF /* Debug */ = {
			isa = XCBuildConfiguration;
			buildSettings = {
				ASSETCATALOG_COMPILER_APPICON_NAME = AppIcon;
				INFOPLIST_FILE = CreatePListByCSV/Info.plist;
				LD_RUNPATH_SEARCH_PATHS = "$(inherited) @executable_path/Frameworks";
				PRODUCT_NAME = "$(TARGET_NAME)";
			};
			name = Debug;
		};
		1B4706F71A2853E4006FDEFF /* Release */ = {
			isa = XCBuildConfiguration;
			buildSettings = {
				ASSETCATALOG_COMPILER_APPICON_NAME = AppIcon;
				INFOPLIST_FILE = CreatePListByCSV/Info.plist;
				LD_RUNPATH_SEARCH_PATHS = "$(inherited) @executable_path/Frameworks";
				PRODUCT_NAME = "$(TARGET_NAME)";
			};
			name = Release;
		};
		1B4706F91A2853E4006FDEFF /* Debug */ = {
			isa = XCBuildConfiguration;
			buildSettings = {
				BUNDLE_LOADER = "$(TEST_HOST)";
				FRAMEWORK_SEARCH_PATHS = (
					"$(SDKROOT)/Developer/Library/Frameworks",
					"$(inherited)",
				);
				GCC_PREPROCESSOR_DEFINITIONS = (
					"DEBUG=1",
					"$(inherited)",
				);
				INFOPLIST_FILE = CreatePListByCSVTests/Info.plist;
				LD_RUNPATH_SEARCH_PATHS = "$(inherited) @executable_path/Frameworks @loader_path/Frameworks";
				PRODUCT_NAME = "$(TARGET_NAME)";
				TEST_HOST = "$(BUILT_PRODUCTS_DIR)/CreatePListByCSV.app/CreatePListByCSV";
			};
			name = Debug;
		};
		1B4706FA1A2853E4006FDEFF /* Release */ = {
			isa = XCBuildConfiguration;
			buildSettings = {
				BUNDLE_LOADER = "$(TEST_HOST)";
				FRAMEWORK_SEARCH_PATHS = (
					"$(SDKROOT)/Developer/Library/Frameworks",
					"$(inherited)",
				);
				INFOPLIST_FILE = CreatePListByCSVTests/Info.plist;
				LD_RUNPATH_SEARCH_PATHS = "$(inherited) @executable_path/Frameworks @loader_path/Frameworks";
				PRODUCT_NAME = "$(TARGET_NAME)";
				TEST_HOST = "$(BUILT_PRODUCTS_DIR)/CreatePListByCSV.app/CreatePListByCSV";
			};
			name = Release;
		};
/* End XCBuildConfiguration section */

/* Begin XCConfigurationList section */
		1B4706CD1A2853E3006FDEFF /* Build configuration list for PBXProject "CreatePListByCSV" */ = {
			isa = XCConfigurationList;
			buildConfigurations = (
				1B4706F31A2853E3006FDEFF /* Debug */,
				1B4706F41A2853E3006FDEFF /* Release */,
			);
			defaultConfigurationIsVisible = 0;
			defaultConfigurationName = Release;
		};
		1B4706F51A2853E4006FDEFF /* Build configuration list for PBXNativeTarget "CreatePListByCSV" */ = {
			isa = XCConfigurationList;
			buildConfigurations = (
				1B4706F61A2853E4006FDEFF /* Debug */,
				1B4706F71A2853E4006FDEFF /* Release */,
			);
			defaultConfigurationIsVisible = 0;
		};
		1B4706F81A2853E4006FDEFF /* Build configuration list for PBXNativeTarget "CreatePListByCSVTests" */ = {
			isa = XCConfigurationList;
			buildConfigurations = (
				1B4706F91A2853E4006FDEFF /* Debug */,
				1B4706FA1A2853E4006FDEFF /* Release */,
			);
			defaultConfigurationIsVisible = 0;
		};
/* End XCConfigurationList section */
	};
	rootObject = 1B4706CA1A2853E3006FDEFF /* Project object */;
}
